// !$*UTF8*$!
{
	archiveVersion = 1;
	classes = {
	};
	objectVersion = 48;
	objects = {

/* Begin PBXFileReference section */
		65B506BB1F80A6C8003FF21C /* AdamsNEves.js */ = {isa = PBXFileReference; lastKnownFileType = sourcecode.javascript; path = AdamsNEves.js; sourceTree = "<group>"; };
/* End PBXFileReference section */

/* Begin PBXGroup section */
		65B506B41F80A624003FF21C = {
			isa = PBXGroup;
			children = (
				65B506BB1F80A6C8003FF21C /* AdamsNEves.js */,
			);
			sourceTree = "<group>";
		};
/* End PBXGroup section */

/* Begin PBXProject section */
		65B506B51F80A624003FF21C /* Project object */ = {
			isa = PBXProject;
			attributes = {
				LastUpgradeCheck = 0900;
			};
			buildConfigurationList = 65B506B81F80A624003FF21C /* Build configuration list for PBXProject "AdamsNEves" */;
			compatibilityVersion = "Xcode 8.0";
			developmentRegion = en;
			hasScannedForEncodings = 0;
			knownRegions = (
				en,
			);
			mainGroup = 65B506B41F80A624003FF21C;
			projectDirPath = "";
			projectRoot = "";
			targets = (
			);
		};
/* End PBXProject section */

/* Begin XCBuildConfiguration section */
		65B506B91F80A624003FF21C /* Debug */ = {
			isa = XCBuildConfiguration;
			buildSettings = {
			};
			name = Debug;
		};
		65B506BA1F80A624003FF21C /* Release */ = {
			isa = XCBuildConfiguration;
			buildSettings = {
			};
			name = Release;
		};
/* End XCBuildConfiguration section */

/* Begin XCConfigurationList section */
		65B506B81F80A624003FF21C /* Build configuration list for PBXProject "AdamsNEves" */ = {
			isa = XCConfigurationList;
			buildConfigurations = (
				65B506B91F80A624003FF21C /* Debug */,
				65B506BA1F80A624003FF21C /* Release */,
			);
			defaultConfigurationIsVisible = 0;
			defaultConfigurationName = Release;
		};
/* End XCConfigurationList section */
	};
	rootObject = 65B506B51F80A624003FF21C /* Project object */;
}
